
Microsoft Visual Studio Solution File, Format Version 12.00
# Visual Studio Version 16
VisualStudioVersion = 16.0.30717.126
MinimumVisualStudioVersion = 10.0.40219.1
Project("{FAE04EC0-301F-11D3-BF4B-00C04F79EFBC}") = "OpenCascade.ImageViewer", "OpenCascade.ImageViewer\OpenCascade.ImageViewer.csproj", "{C036177C-69B8-4AA5-B141-F2F8CA8E53AA}"
EndProject
Global
	GlobalSection(SolutionConfigurationPlatforms) = preSolution
		Debug|Any CPU = Debug|Any CPU
		Release|Any CPU = Release|Any CPU
	EndGlobalSection
	GlobalSection(ProjectConfigurationPlatforms) = postSolution
		{C036177C-69B8-4AA5-B141-F2F8CA8E53AA}.Debug|Any CPU.ActiveCfg = Debug|Any CPU
		{C036177C-69B8-4AA5-B141-F2F8CA8E53AA}.Debug|Any CPU.Build.0 = Debug|Any CPU
		{C036177C-69B8-4AA5-B141-F2F8CA8E53AA}.Release|Any CPU.ActiveCfg = Release|Any CPU
		{C036177C-69B8-4AA5-B141-F2F8CA8E53AA}.Release|Any CPU.Build.0 = Release|Any CPU
	EndGlobalSection
	GlobalSection(SolutionProperties) = preSolution
		HideSolutionNode = FALSE
	EndGlobalSection
	GlobalSection(ExtensibilityGlobals) = postSolution
		SolutionGuid = {A72A30F2-EEDA-429A-8EDC-2CE46458A544}
	EndGlobalSection
EndGlobal
